
Microsoft Visual Studio Solution File, Format Version 12.00
# Visual Studio Version 16
VisualStudioVersion = 16.0.29709.97
MinimumVisualStudioVersion = 10.0.40219.1
Project("{F184B08F-C81C-45F6-A57F-5ABD9991F28F}") = "Accumulate Messages Function", "Accumulate Messages Function.vbproj", "{85776529-D5A2-485D-94FF-9EC34EBF0826}"
EndProject
Global
	GlobalSection(SolutionConfigurationPlatforms) = preSolution
		Debug|Any CPU = Debug|Any CPU
		Release|Any CPU = Release|Any CPU
	EndGlobalSection
	GlobalSection(ProjectConfigurationPlatforms) = postSolution
		{85776529-D5A2-485D-94FF-9EC34EBF0826}.Debug|Any CPU.ActiveCfg = Debug|Any CPU
		{85776529-D5A2-485D-94FF-9EC34EBF0826}.Debug|Any CPU.Build.0 = Debug|Any CPU
		{85776529-D5A2-485D-94FF-9EC34EBF0826}.Release|Any CPU.ActiveCfg = Release|Any CPU
		{85776529-D5A2-485D-94FF-9EC34EBF0826}.Release|Any CPU.Build.0 = Release|Any CPU
	EndGlobalSection
	GlobalSection(SolutionProperties) = preSolution
		HideSolutionNode = FALSE
	EndGlobalSection
	GlobalSection(ExtensibilityGlobals) = postSolution
		SolutionGuid = {8232D12A-FF90-4046-869C-3284C623EC70}
	EndGlobalSection
EndGlobal
